
Microsoft Visual Studio Solution File, Format Version 12.00
# Visual Studio Version 17
VisualStudioVersion = 17.14.36310.24
MinimumVisualStudioVersion = 10.0.40219.1
Project("{FAE04EC0-301F-11D3-BF4B-00C04F79EFBC}") = "Core", "Core\Core.csproj", "{FCB67766-09B4-446D-9743-6C473B07AE80}"
EndProject
Project("{FAE04EC0-301F-11D3-BF4B-00C04F79EFBC}") = "Core.Tests", "Core.Tests\Core.Tests.csproj", "{48C4E9DB-57B4-4E71-8A46-5806ABFA37D1}"
EndProject
Project("{FAE04EC0-301F-11D3-BF4B-00C04F79EFBC}") = "Infrastructure", "Infrastructure\Infrastructure.csproj", "{40211DDB-88DC-46D0-8A81-CE35C2BCE224}"
EndProject
Project("{FAE04EC0-301F-11D3-BF4B-00C04F79EFBC}") = "Application", "Application\Application.csproj", "{211DA0EF-BBFC-4370-8424-249B6842F0A5}"
EndProject
Project("{FAE04EC0-301F-11D3-BF4B-00C04F79EFBC}") = "Api", "Api\Api.csproj", "{660D490D-98F5-4770-94D9-84B848E38ED8}"
EndProject
Global
	GlobalSection(SolutionConfigurationPlatforms) = preSolution
		Debug|Any CPU = Debug|Any CPU
		Release|Any CPU = Release|Any CPU
	EndGlobalSection
	GlobalSection(ProjectConfigurationPlatforms) = postSolution
		{FCB67766-09B4-446D-9743-6C473B07AE80}.Debug|Any CPU.ActiveCfg = Debug|Any CPU
		{FCB67766-09B4-446D-9743-6C473B07AE80}.Debug|Any CPU.Build.0 = Debug|Any CPU
		{FCB67766-09B4-446D-9743-6C473B07AE80}.Release|Any CPU.ActiveCfg = Release|Any CPU
		{FCB67766-09B4-446D-9743-6C473B07AE80}.Release|Any CPU.Build.0 = Release|Any CPU
		{48C4E9DB-57B4-4E71-8A46-5806ABFA37D1}.Debug|Any CPU.ActiveCfg = Debug|Any CPU
		{48C4E9DB-57B4-4E71-8A46-5806ABFA37D1}.Debug|Any CPU.Build.0 = Debug|Any CPU
		{48C4E9DB-57B4-4E71-8A46-5806ABFA37D1}.Release|Any CPU.ActiveCfg = Release|Any CPU
		{48C4E9DB-57B4-4E71-8A46-5806ABFA37D1}.Release|Any CPU.Build.0 = Release|Any CPU
		{40211DDB-88DC-46D0-8A81-CE35C2BCE224}.Debug|Any CPU.ActiveCfg = Debug|Any CPU
		{40211DDB-88DC-46D0-8A81-CE35C2BCE224}.Debug|Any CPU.Build.0 = Debug|Any CPU
		{40211DDB-88DC-46D0-8A81-CE35C2BCE224}.Release|Any CPU.ActiveCfg = Release|Any CPU
		{40211DDB-88DC-46D0-8A81-CE35C2BCE224}.Release|Any CPU.Build.0 = Release|Any CPU
		{211DA0EF-BBFC-4370-8424-249B6842F0A5}.Debug|Any CPU.ActiveCfg = Debug|Any CPU
		{211DA0EF-BBFC-4370-8424-249B6842F0A5}.Debug|Any CPU.Build.0 = Debug|Any CPU
		{211DA0EF-BBFC-4370-8424-249B6842F0A5}.Release|Any CPU.ActiveCfg = Release|Any CPU
		{211DA0EF-BBFC-4370-8424-249B6842F0A5}.Release|Any CPU.Build.0 = Release|Any CPU
		{660D490D-98F5-4770-94D9-84B848E38ED8}.Debug|Any CPU.ActiveCfg = Debug|Any CPU
		{660D490D-98F5-4770-94D9-84B848E38ED8}.Debug|Any CPU.Build.0 = Debug|Any CPU
		{660D490D-98F5-4770-94D9-84B848E38ED8}.Release|Any CPU.ActiveCfg = Release|Any CPU
		{660D490D-98F5-4770-94D9-84B848E38ED8}.Release|Any CPU.Build.0 = Release|Any CPU
	EndGlobalSection
	GlobalSection(SolutionProperties) = preSolution
		HideSolutionNode = FALSE
	EndGlobalSection
	GlobalSection(ExtensibilityGlobals) = postSolution
		SolutionGuid = {8D05E536-84A9-419E-9B16-DACF82C808BB}
	EndGlobalSection
EndGlobal
